// !$*UTF8*$!
{
	archiveVersion = 1;
	classes = {
	};
	objectVersion = 55;
	objects = {

/* Begin PBXBuildFile section */
		355A769B28C41A0400C6C653 /* TaksAppApp.swift in Sources */ = {isa = PBXBuildFile; fileRef = 355A769A28C41A0400C6C653 /* TaksAppApp.swift */; };
		355A769D28C41A0400C6C653 /* ContentView.swift in Sources */ = {isa = PBXBuildFile; fileRef = 355A769C28C41A0400C6C653 /* ContentView.swift */; };
		355A769F28C41A0600C6C653 /* Assets.xcassets in Resources */ = {isa = PBXBuildFile; fileRef = 355A769E28C41A0600C6C653 /* Assets.xcassets */; };
		355A76A228C41A0600C6C653 /* Preview Assets.xcassets in Resources */ = {isa = PBXBuildFile; fileRef = 355A76A128C41A0600C6C653 /* Preview Assets.xcassets */; };
		355A76AA28C4213400C6C653 /* Home.swift in Sources */ = {isa = PBXBuildFile; fileRef = 355A76A928C4213400C6C653 /* Home.swift */; };
		35EB55C528DFA26D00AB827C /* Task.swift in Sources */ = {isa = PBXBuildFile; fileRef = 35EB55C428DFA26D00AB827C /* Task.swift */; };
		35EB55C728DFA28600AB827C /* TaskCategory.swift in Sources */ = {isa = PBXBuildFile; fileRef = 35EB55C628DFA28600AB827C /* TaskCategory.swift */; };
		35EB55C928DFA29F00AB827C /* TasksData.swift in Sources */ = {isa = PBXBuildFile; fileRef = 35EB55C828DFA29F00AB827C /* TasksData.swift */; };
		35EB55CB28DFA3AF00AB827C /* Header.swift in Sources */ = {isa = PBXBuildFile; fileRef = 35EB55CA28DFA3AF00AB827C /* Header.swift */; };
		35EB55CF28DFA54100AB827C /* TaksList.swift in Sources */ = {isa = PBXBuildFile; fileRef = 35EB55CE28DFA54100AB827C /* TaksList.swift */; };
		35EB55D128DFADC100AB827C /* AddTaskButton.swift in Sources */ = {isa = PBXBuildFile; fileRef = 35EB55D028DFADC100AB827C /* AddTaskButton.swift */; };
		35EB55D328DFADF900AB827C /* AddTaskSheet.swift in Sources */ = {isa = PBXBuildFile; fileRef = 35EB55D228DFADF900AB827C /* AddTaskSheet.swift */; };
		35EB55D728DFB4B000AB827C /* GlobalVariables.swift in Sources */ = {isa = PBXBuildFile; fileRef = 35EB55D628DFB4B000AB827C /* GlobalVariables.swift */; };
		35EB55D928DFBC5C00AB827C /* Tasks.swift in Sources */ = {isa = PBXBuildFile; fileRef = 35EB55D828DFBC5C00AB827C /* Tasks.swift */; };
		35EB55DB28DFF23400AB827C /* Presentation.swift in Sources */ = {isa = PBXBuildFile; fileRef = 35EB55DA28DFF23400AB827C /* Presentation.swift */; };
/* End PBXBuildFile section */

/* Begin PBXFileReference section */
		355A769728C41A0400C6C653 /* TaksApp.app */ = {isa = PBXFileReference; explicitFileType = wrapper.application; includeInIndex = 0; path = TaksApp.app; sourceTree = BUILT_PRODUCTS_DIR; };
		355A769A28C41A0400C6C653 /* TaksAppApp.swift */ = {isa = PBXFileReference; lastKnownFileType = sourcecode.swift; path = TaksAppApp.swift; sourceTree = "<group>"; };
		355A769C28C41A0400C6C653 /* ContentView.swift */ = {isa = PBXFileReference; lastKnownFileType = sourcecode.swift; path = ContentView.swift; sourceTree = "<group>"; };
		355A769E28C41A0600C6C653 /* Assets.xcassets */ = {isa = PBXFileReference; lastKnownFileType = folder.assetcatalog; path = Assets.xcassets; sourceTree = "<group>"; };
		355A76A128C41A0600C6C653 /* Preview Assets.xcassets */ = {isa = PBXFileReference; lastKnownFileType = folder.assetcatalog; path = "Preview Assets.xcassets"; sourceTree = "<group>"; };
		355A76A928C4213400C6C653 /* Home.swift */ = {isa = PBXFileReference; lastKnownFileType = sourcecode.swift; path = Home.swift; sourceTree = "<group>"; };
		35EB55C428DFA26D00AB827C /* Task.swift */ = {isa = PBXFileReference; lastKnownFileType = sourcecode.swift; path = Task.swift; sourceTree = "<group>"; };
		35EB55C628DFA28600AB827C /* TaskCategory.swift */ = {isa = PBXFileReference; lastKnownFileType = sourcecode.swift; path = TaskCategory.swift; sourceTree = "<group>"; };
		35EB55C828DFA29F00AB827C /* TasksData.swift */ = {isa = PBXFileReference; lastKnownFileType = sourcecode.swift; path = TasksData.swift; sourceTree = "<group>"; };
		35EB55CA28DFA3AF00AB827C /* Header.swift */ = {isa = PBXFileReference; lastKnownFileType = sourcecode.swift; path = Header.swift; sourceTree = "<group>"; };
		35EB55CE28DFA54100AB827C /* TaksList.swift */ = {isa = PBXFileReference; lastKnownFileType = sourcecode.swift; path = TaksList.swift; sourceTree = "<group>"; };
		35EB55D028DFADC100AB827C /* AddTaskButton.swift */ = {isa = PBXFileReference; lastKnownFileType = sourcecode.swift; path = AddTaskButton.swift; sourceTree = "<group>"; };
		35EB55D228DFADF900AB827C /* AddTaskSheet.swift */ = {isa = PBXFileReference; lastKnownFileType = sourcecode.swift; path = AddTaskSheet.swift; sourceTree = "<group>"; xcLanguageSpecificationIdentifier = xcode.lang.swift; };
		35EB55D628DFB4B000AB827C /* GlobalVariables.swift */ = {isa = PBXFileReference; lastKnownFileType = sourcecode.swift; path = GlobalVariables.swift; sourceTree = "<group>"; };
		35EB55D828DFBC5C00AB827C /* Tasks.swift */ = {isa = PBXFileReference; lastKnownFileType = sourcecode.swift; path = Tasks.swift; sourceTree = "<group>"; };
		35EB55DA28DFF23400AB827C /* Presentation.swift */ = {isa = PBXFileReference; lastKnownFileType = sourcecode.swift; path = Presentation.swift; sourceTree = "<group>"; };
/* End PBXFileReference section */

/* Begin PBXFrameworksBuildPhase section */
		355A769428C41A0400C6C653 /* Frameworks */ = {
			isa = PBXFrameworksBuildPhase;
			buildActionMask = 2147483647;
			files = (
			);
			runOnlyForDeploymentPostprocessing = 0;
		};
/* End PBXFrameworksBuildPhase section */

/* Begin PBXGroup section */
		355A768E28C41A0400C6C653 = {
			isa = PBXGroup;
			children = (
				355A769928C41A0400C6C653 /* TaksApp */,
				355A769828C41A0400C6C653 /* Products */,
			);
			sourceTree = "<group>";
		};
		355A769828C41A0400C6C653 /* Products */ = {
			isa = PBXGroup;
			children = (
				355A769728C41A0400C6C653 /* TaksApp.app */,
			);
			name = Products;
			sourceTree = "<group>";
		};
		355A769928C41A0400C6C653 /* TaksApp */ = {
			isa = PBXGroup;
			children = (
				35EB55D528DFB46600AB827C /* ScreensModels */,
				35EB55C328DFA24D00AB827C /* Models */,
				355A76A828C4212900C6C653 /* Screens */,
				355A769A28C41A0400C6C653 /* TaksAppApp.swift */,
				355A769C28C41A0400C6C653 /* ContentView.swift */,
				355A769E28C41A0600C6C653 /* Assets.xcassets */,
				355A76A028C41A0600C6C653 /* Preview Content */,
			);
			path = TaksApp;
			sourceTree = "<group>";
		};
		355A76A028C41A0600C6C653 /* Preview Content */ = {
			isa = PBXGroup;
			children = (
				355A76A128C41A0600C6C653 /* Preview Assets.xcassets */,
			);
			path = "Preview Content";
			sourceTree = "<group>";
		};
		355A76A828C4212900C6C653 /* Screens */ = {
			isa = PBXGroup;
			children = (
				355A76A928C4213400C6C653 /* Home.swift */,
				35EB55CA28DFA3AF00AB827C /* Header.swift */,
				35EB55CE28DFA54100AB827C /* TaksList.swift */,
				35EB55D028DFADC100AB827C /* AddTaskButton.swift */,
				35EB55D228DFADF900AB827C /* AddTaskSheet.swift */,
				35EB55DA28DFF23400AB827C /* Presentation.swift */,
			);
			path = Screens;
			sourceTree = "<group>";
		};
		35EB55C328DFA24D00AB827C /* Models */ = {
			isa = PBXGroup;
			children = (
				35EB55C428DFA26D00AB827C /* Task.swift */,
				35EB55C628DFA28600AB827C /* TaskCategory.swift */,
				35EB55C828DFA29F00AB827C /* TasksData.swift */,
			);
			path = Models;
			sourceTree = "<group>";
		};
		35EB55D528DFB46600AB827C /* ScreensModels */ = {
			isa = PBXGroup;
			children = (
				35EB55D628DFB4B000AB827C /* GlobalVariables.swift */,
				35EB55D828DFBC5C00AB827C /* Tasks.swift */,
			);
			path = ScreensModels;
			sourceTree = "<group>";
		};
/* End PBXGroup section */

/* Begin PBXNativeTarget section */
		355A769628C41A0400C6C653 /* TaksApp */ = {
			isa = PBXNativeTarget;
			buildConfigurationList = 355A76A528C41A0600C6C653 /* Build configuration list for PBXNativeTarget "TaksApp" */;
			buildPhases = (
				355A769328C41A0400C6C653 /* Sources */,
				355A769428C41A0400C6C653 /* Frameworks */,
				355A769528C41A0400C6C653 /* Resources */,
			);
			buildRules = (
			);
			dependencies = (
			);
			name = TaksApp;
			productName = TaksApp;
			productReference = 355A769728C41A0400C6C653 /* TaksApp.app */;
			productType = "com.apple.product-type.application";
		};
/* End PBXNativeTarget section */

/* Begin PBXProject section */
		355A768F28C41A0400C6C653 /* Project object */ = {
			isa = PBXProject;
			attributes = {
				BuildIndependentTargetsInParallel = 1;
				LastSwiftUpdateCheck = 1340;
				LastUpgradeCheck = 1340;
				TargetAttributes = {
					355A769628C41A0400C6C653 = {
						CreatedOnToolsVersion = 13.4.1;
					};
				};
			};
			buildConfigurationList = 355A769228C41A0400C6C653 /* Build configuration list for PBXProject "TaksApp" */;
			compatibilityVersion = "Xcode 13.0";
			developmentRegion = en;
			hasScannedForEncodings = 0;
			knownRegions = (
				en,
				Base,
			);
			mainGroup = 355A768E28C41A0400C6C653;
			productRefGroup = 355A769828C41A0400C6C653 /* Products */;
			projectDirPath = "";
			projectRoot = "";
			targets = (
				355A769628C41A0400C6C653 /* TaksApp */,
			);
		};
/* End PBXProject section */

/* Begin PBXResourcesBuildPhase section */
		355A769528C41A0400C6C653 /* Resources */ = {
			isa = PBXResourcesBuildPhase;
			buildActionMask = 2147483647;
			files = (
				355A76A228C41A0600C6C653 /* Preview Assets.xcassets in Resources */,
				355A769F28C41A0600C6C653 /* Assets.xcassets in Resources */,
			);
			runOnlyForDeploymentPostprocessing = 0;
		};
/* End PBXResourcesBuildPhase section */

/* Begin PBXSourcesBuildPhase section */
		355A769328C41A0400C6C653 /* Sources */ = {
			isa = PBXSourcesBuildPhase;
			buildActionMask = 2147483647;
			files = (
				35EB55D328DFADF900AB827C /* AddTaskSheet.swift in Sources */,
				35EB55CF28DFA54100AB827C /* TaksList.swift in Sources */,
				35EB55C928DFA29F00AB827C /* TasksData.swift in Sources */,
				35EB55DB28DFF23400AB827C /* Presentation.swift in Sources */,
				35EB55D128DFADC100AB827C /* AddTaskButton.swift in Sources */,
				35EB55D928DFBC5C00AB827C /* Tasks.swift in Sources */,
				35EB55C728DFA28600AB827C /* TaskCategory.swift in Sources */,
				35EB55C528DFA26D00AB827C /* Task.swift in Sources */,
				35EB55D728DFB4B000AB827C /* GlobalVariables.swift in Sources */,
				35EB55CB28DFA3AF00AB827C /* Header.swift in Sources */,
				355A769D28C41A0400C6C653 /* ContentView.swift in Sources */,
				355A76AA28C4213400C6C653 /* Home.swift in Sources */,
				355A769B28C41A0400C6C653 /* TaksAppApp.swift in Sources */,
			);
			runOnlyForDeploymentPostprocessing = 0;
		};
/* End PBXSourcesBuildPhase section */

/* Begin XCBuildConfiguration section */
		355A76A328C41A0600C6C653 /* Debug */ = {
			isa = XCBuildConfiguration;
			buildSettings = {
				ALWAYS_SEARCH_USER_PATHS = NO;
				CLANG_ANALYZER_NONNULL = YES;
				CLANG_ANALYZER_NUMBER_OBJECT_CONVERSION = YES_AGGRESSIVE;
				CLANG_CXX_LANGUAGE_STANDARD = "gnu++17";
				CLANG_ENABLE_MODULES = YES;
				CLANG_ENABLE_OBJC_ARC = YES;
				CLANG_ENABLE_OBJC_WEAK = YES;
				CLANG_WARN_BLOCK_CAPTURE_AUTORELEASING = YES;
				CLANG_WARN_BOOL_CONVERSION = YES;
				CLANG_WARN_COMMA = YES;
				CLANG_WARN_CONSTANT_CONVERSION = YES;
				CLANG_WARN_DEPRECATED_OBJC_IMPLEMENTATIONS = YES;
				CLANG_WARN_DIRECT_OBJC_ISA_USAGE = YES_ERROR;
				CLANG_WARN_DOCUMENTATION_COMMENTS = YES;
				CLANG_WARN_EMPTY_BODY = YES;
				CLANG_WARN_ENUM_CONVERSION = YES;
				CLANG_WARN_INFINITE_RECURSION = YES;
				CLANG_WARN_INT_CONVERSION = YES;
				CLANG_WARN_NON_LITERAL_NULL_CONVERSION = YES;
				CLANG_WARN_OBJC_IMPLICIT_RETAIN_SELF = YES;
				CLANG_WARN_OBJC_LITERAL_CONVERSION = YES;
				CLANG_WARN_OBJC_ROOT_CLASS = YES_ERROR;
				CLANG_WARN_QUOTED_INCLUDE_IN_FRAMEWORK_HEADER = YES;
				CLANG_WARN_RANGE_LOOP_ANALYSIS = YES;
				CLANG_WARN_STRICT_PROTOTYPES = YES;
				CLANG_WARN_SUSPICIOUS_MOVE = YES;
				CLANG_WARN_UNGUARDED_AVAILABILITY = YES_AGGRESSIVE;
				CLANG_WARN_UNREACHABLE_CODE = YES;
				CLANG_WARN__DUPLICATE_METHOD_MATCH = YES;
				COPY_PHASE_STRIP = NO;
				DEBUG_INFORMATION_FORMAT = dwarf;
				ENABLE_STRICT_OBJC_MSGSEND = YES;
				ENABLE_TESTABILITY = YES;
				GCC_C_LANGUAGE_STANDARD = gnu11;
				GCC_DYNAMIC_NO_PIC = NO;
				GCC_NO_COMMON_BLOCKS = YES;
				GCC_OPTIMIZATION_LEVEL = 0;
				GCC_PREPROCESSOR_DEFINITIONS = (
					"DEBUG=1",
					"$(inherited)",
				);
				GCC_WARN_64_TO_32_BIT_CONVERSION = YES;
				GCC_WARN_ABOUT_RETURN_TYPE = YES_ERROR;
				GCC_WARN_UNDECLARED_SELECTOR = YES;
				GCC_WARN_UNINITIALIZED_AUTOS = YES_AGGRESSIVE;
				GCC_WARN_UNUSED_FUNCTION = YES;
				GCC_WARN_UNUSED_VARIABLE = YES;
				IPHONEOS_DEPLOYMENT_TARGET = 15.5;
				MTL_ENABLE_DEBUG_INFO = INCLUDE_SOURCE;
				MTL_FAST_MATH = YES;
				ONLY_ACTIVE_ARCH = YES;
				SDKROOT = iphoneos;
				SWIFT_ACTIVE_COMPILATION_CONDITIONS = DEBUG;
				SWIFT_OPTIMIZATION_LEVEL = "-Onone";
			};
			name = Debug;
		};
		355A76A428C41A0600C6C653 /* Release */ = {
			isa = XCBuildConfiguration;
			buildSettings = {
				ALWAYS_SEARCH_USER_PATHS = NO;
				CLANG_ANALYZER_NONNULL = YES;
				CLANG_ANALYZER_NUMBER_OBJECT_CONVERSION = YES_AGGRESSIVE;
				CLANG_CXX_LANGUAGE_STANDARD = "gnu++17";
				CLANG_ENABLE_MODULES = YES;
				CLANG_ENABLE_OBJC_ARC = YES;
				CLANG_ENABLE_OBJC_WEAK = YES;
				CLANG_WARN_BLOCK_CAPTURE_AUTORELEASING = YES;
				CLANG_WARN_BOOL_CONVERSION = YES;
				CLANG_WARN_COMMA = YES;
				CLANG_WARN_CONSTANT_CONVERSION = YES;
				CLANG_WARN_DEPRECATED_OBJC_IMPLEMENTATIONS = YES;
				CLANG_WARN_DIRECT_OBJC_ISA_USAGE = YES_ERROR;
				CLANG_WARN_DOCUMENTATION_COMMENTS = YES;
				CLANG_WARN_EMPTY_BODY = YES;
				CLANG_WARN_ENUM_CONVERSION = YES;
				CLANG_WARN_INFINITE_RECURSION = YES;
				CLANG_WARN_INT_CONVERSION = YES;
				CLANG_WARN_NON_LITERAL_NULL_CONVERSION = YES;
				CLANG_WARN_OBJC_IMPLICIT_RETAIN_SELF = YES;
				CLANG_WARN_OBJC_LITERAL_CONVERSION = YES;
				CLANG_WARN_OBJC_ROOT_CLASS = YES_ERROR;
				CLANG_WARN_QUOTED_INCLUDE_IN_FRAMEWORK_HEADER = YES;
				CLANG_WARN_RANGE_LOOP_ANALYSIS = YES;
				CLANG_WARN_STRICT_PROTOTYPES = YES;
				CLANG_WARN_SUSPICIOUS_MOVE = YES;
				CLANG_WARN_UNGUARDED_AVAILABILITY = YES_AGGRESSIVE;
				CLANG_WARN_UNREACHABLE_CODE = YES;
				CLANG_WARN__DUPLICATE_METHOD_MATCH = YES;
				COPY_PHASE_STRIP = NO;
				DEBUG_INFORMATION_FORMAT = "dwarf-with-dsym";
				ENABLE_NS_ASSERTIONS = NO;
				ENABLE_STRICT_OBJC_MSGSEND = YES;
				GCC_C_LANGUAGE_STANDARD = gnu11;
				GCC_NO_COMMON_BLOCKS = YES;
				GCC_WARN_64_TO_32_BIT_CONVERSION = YES;
				GCC_WARN_ABOUT_RETURN_TYPE = YES_ERROR;
				GCC_WARN_UNDECLARED_SELECTOR = YES;
				GCC_WARN_UNINITIALIZED_AUTOS = YES_AGGRESSIVE;
				GCC_WARN_UNUSED_FUNCTION = YES;
				GCC_WARN_UNUSED_VARIABLE = YES;
				IPHONEOS_DEPLOYMENT_TARGET = 15.5;
				MTL_ENABLE_DEBUG_INFO = NO;
				MTL_FAST_MATH = YES;
				SDKROOT = iphoneos;
				SWIFT_COMPILATION_MODE = wholemodule;
				SWIFT_OPTIMIZATION_LEVEL = "-O";
				VALIDATE_PRODUCT = YES;
			};
			name = Release;
		};
		355A76A628C41A0600C6C653 /* Debug */ = {
			isa = XCBuildConfiguration;
			buildSettings = {
				ASSETCATALOG_COMPILER_APPICON_NAME = AppIcon;
				ASSETCATALOG_COMPILER_GLOBAL_ACCENT_COLOR_NAME = AccentColor;
				CODE_SIGN_STYLE = Automatic;
				CURRENT_PROJECT_VERSION = 1;
				DEVELOPMENT_ASSET_PATHS = "\"TaksApp/Preview Content\"";
				DEVELOPMENT_TEAM = 38CVAK98SM;
				ENABLE_PREVIEWS = YES;
				GENERATE_INFOPLIST_FILE = YES;
				INFOPLIST_KEY_UIApplicationSceneManifest_Generation = YES;
				INFOPLIST_KEY_UIApplicationSupportsIndirectInputEvents = YES;
				INFOPLIST_KEY_UILaunchScreen_Generation = YES;
				INFOPLIST_KEY_UISupportedInterfaceOrientations_iPad = "UIInterfaceOrientationPortrait UIInterfaceOrientationPortraitUpsideDown UIInterfaceOrientationLandscapeLeft UIInterfaceOrientationLandscapeRight";
				INFOPLIST_KEY_UISupportedInterfaceOrientations_iPhone = "UIInterfaceOrientationPortrait UIInterfaceOrientationLandscapeLeft UIInterfaceOrientationLandscapeRight";
				IPHONEOS_DEPLOYMENT_TARGET = 16.0;
				LD_RUNPATH_SEARCH_PATHS = (
					"$(inherited)",
					"@executable_path/Frameworks",
				);
				MARKETING_VERSION = 1.0;
				PRODUCT_BUNDLE_IDENTIFIER = com.AlexisMoya.TaksApp;
				PRODUCT_NAME = "$(TARGET_NAME)";
				SWIFT_EMIT_LOC_STRINGS = YES;
				SWIFT_VERSION = 5.0;
				TARGETED_DEVICE_FAMILY = "1,2";
			};
			name = Debug;
		};
		355A76A728C41A0600C6C653 /* Release */ = {
			isa = XCBuildConfiguration;
			buildSettings = {
				ASSETCATALOG_COMPILER_APPICON_NAME = AppIcon;
				ASSETCATALOG_COMPILER_GLOBAL_ACCENT_COLOR_NAME = AccentColor;
				CODE_SIGN_STYLE = Automatic;
				CURRENT_PROJECT_VERSION = 1;
				DEVELOPMENT_ASSET_PATHS = "\"TaksApp/Preview Content\"";
				DEVELOPMENT_TEAM = 38CVAK98SM;
				ENABLE_PREVIEWS = YES;
				GENERATE_INFOPLIST_FILE = YES;
				INFOPLIST_KEY_UIApplicationSceneManifest_Generation = YES;
				INFOPLIST_KEY_UIApplicationSupportsIndirectInputEvents = YES;
				INFOPLIST_KEY_UILaunchScreen_Generation = YES;
				INFOPLIST_KEY_UISupportedInterfaceOrientations_iPad = "UIInterfaceOrientationPortrait UIInterfaceOrientationPortraitUpsideDown UIInterfaceOrientationLandscapeLeft UIInterfaceOrientationLandscapeRight";
				INFOPLIST_KEY_UISupportedInterfaceOrientations_iPhone = "UIInterfaceOrientationPortrait UIInterfaceOrientationLandscapeLeft UIInterfaceOrientationLandscapeRight";
				IPHONEOS_DEPLOYMENT_TARGET = 16.0;
				LD_RUNPATH_SEARCH_PATHS = (
					"$(inherited)",
					"@executable_path/Frameworks",
				);
				MARKETING_VERSION = 1.0;
				PRODUCT_BUNDLE_IDENTIFIER = com.AlexisMoya.TaksApp;
				PRODUCT_NAME = "$(TARGET_NAME)";
				SWIFT_EMIT_LOC_STRINGS = YES;
				SWIFT_VERSION = 5.0;
				TARGETED_DEVICE_FAMILY = "1,2";
			};
			name = Release;
		};
/* End XCBuildConfiguration section */

/* Begin XCConfigurationList section */
		355A769228C41A0400C6C653 /* Build configuration list for PBXProject "TaksApp" */ = {
			isa = XCConfigurationList;
			buildConfigurations = (
				355A76A328C41A0600C6C653 /* Debug */,
				355A76A428C41A0600C6C653 /* Release */,
			);
			defaultConfigurationIsVisible = 0;
			defaultConfigurationName = Release;
		};
		355A76A528C41A0600C6C653 /* Build configuration list for PBXNativeTarget "TaksApp" */ = {
			isa = XCConfigurationList;
			buildConfigurations = (
				355A76A628C41A0600C6C653 /* Debug */,
				355A76A728C41A0600C6C653 /* Release */,
			);
			defaultConfigurationIsVisible = 0;
			defaultConfigurationName = Release;
		};
/* End XCConfigurationList section */
	};
	rootObject = 355A768F28C41A0400C6C653 /* Project object */;
}
